// !$*UTF8*$!
{
	archiveVersion = 1;
	classes = {
	};
	objectVersion = 56;
	objects = {

/* Begin PBXBuildFile section */
		321560742AE3952D00378C19 /* OffersCollectionViewCell.swift in Sources */ = {isa = PBXBuildFile; fileRef = 321560722AE3952D00378C19 /* OffersCollectionViewCell.swift */; };
		321560752AE3952D00378C19 /* OffersCollectionViewCell.xib in Resources */ = {isa = PBXBuildFile; fileRef = 321560732AE3952D00378C19 /* OffersCollectionViewCell.xib */; };
		321560772AE3B3BF00378C19 /* UIColorExtension.swift in Sources */ = {isa = PBXBuildFile; fileRef = 321560762AE3B3BF00378C19 /* UIColorExtension.swift */; };
		3240706E2ADE7E1E004FA1F1 /* AppDelegate.swift in Sources */ = {isa = PBXBuildFile; fileRef = 3240706D2ADE7E1E004FA1F1 /* AppDelegate.swift */; };
		324070702ADE7E1E004FA1F1 /* SceneDelegate.swift in Sources */ = {isa = PBXBuildFile; fileRef = 3240706F2ADE7E1E004FA1F1 /* SceneDelegate.swift */; };
		324070722ADE7E1E004FA1F1 /* HomeViewController.swift in Sources */ = {isa = PBXBuildFile; fileRef = 324070712ADE7E1E004FA1F1 /* HomeViewController.swift */; };
		324070752ADE7E1E004FA1F1 /* Main.storyboard in Resources */ = {isa = PBXBuildFile; fileRef = 324070732ADE7E1E004FA1F1 /* Main.storyboard */; };
		324070772ADE7E20004FA1F1 /* Assets.xcassets in Resources */ = {isa = PBXBuildFile; fileRef = 324070762ADE7E20004FA1F1 /* Assets.xcassets */; };
		3240707A2ADE7E20004FA1F1 /* LaunchScreen.storyboard in Resources */ = {isa = PBXBuildFile; fileRef = 324070782ADE7E20004FA1F1 /* LaunchScreen.storyboard */; };
		324070852ADE7E20004FA1F1 /* FoodkartTests.swift in Sources */ = {isa = PBXBuildFile; fileRef = 324070842ADE7E20004FA1F1 /* FoodkartTests.swift */; };
		3240708F2ADE7E20004FA1F1 /* FoodkartUITests.swift in Sources */ = {isa = PBXBuildFile; fileRef = 3240708E2ADE7E20004FA1F1 /* FoodkartUITests.swift */; };
		324070912ADE7E20004FA1F1 /* FoodkartUITestsLaunchTests.swift in Sources */ = {isa = PBXBuildFile; fileRef = 324070902ADE7E20004FA1F1 /* FoodkartUITestsLaunchTests.swift */; };
		324070A32ADE97A1004FA1F1 /* HomeModel.swift in Sources */ = {isa = PBXBuildFile; fileRef = 324070A22ADE97A1004FA1F1 /* HomeModel.swift */; };
		324070A62ADEC63E004FA1F1 /* ApiManager.swift in Sources */ = {isa = PBXBuildFile; fileRef = 324070A52ADEC63E004FA1F1 /* ApiManager.swift */; };
		3279A72B2AE139CB00D1F467 /* AppConstats.swift in Sources */ = {isa = PBXBuildFile; fileRef = 3279A72A2AE139CB00D1F467 /* AppConstats.swift */; };
		3279A7312AE13D1F00D1F467 /* TabbarCollectionViewCell.swift in Sources */ = {isa = PBXBuildFile; fileRef = 3279A72F2AE13D1F00D1F467 /* TabbarCollectionViewCell.swift */; };
		3279A7322AE13D1F00D1F467 /* TabbarCollectionViewCell.xib in Resources */ = {isa = PBXBuildFile; fileRef = 3279A7302AE13D1F00D1F467 /* TabbarCollectionViewCell.xib */; };
		3279A7362AE15F1D00D1F467 /* CarousalTableViewCell.swift in Sources */ = {isa = PBXBuildFile; fileRef = 3279A7342AE15F1D00D1F467 /* CarousalTableViewCell.swift */; };
		3279A7372AE15F1D00D1F467 /* CarousalTableViewCell.xib in Resources */ = {isa = PBXBuildFile; fileRef = 3279A7352AE15F1D00D1F467 /* CarousalTableViewCell.xib */; };
		3279A73B2AE1644800D1F467 /* CommonBaseTableViewCell.swift in Sources */ = {isa = PBXBuildFile; fileRef = 3279A7392AE1644800D1F467 /* CommonBaseTableViewCell.swift */; };
		3279A73C2AE1644800D1F467 /* CommonBaseTableViewCell.xib in Resources */ = {isa = PBXBuildFile; fileRef = 3279A73A2AE1644800D1F467 /* CommonBaseTableViewCell.xib */; };
		329F0E332AE2F2870085BA47 /* UIImageExtension.swift in Sources */ = {isa = PBXBuildFile; fileRef = 329F0E322AE2F2870085BA47 /* UIImageExtension.swift */; };
		32B9DD312AE00936006FB0C1 /* HomeViewModel.swift in Sources */ = {isa = PBXBuildFile; fileRef = 32B9DD302AE00936006FB0C1 /* HomeViewModel.swift */; };
		32D49D842AE25073001E33F8 /* CarousalCollectionViewCell.swift in Sources */ = {isa = PBXBuildFile; fileRef = 32D49D822AE25073001E33F8 /* CarousalCollectionViewCell.swift */; };
		32D49D852AE25073001E33F8 /* CarousalCollectionViewCell.xib in Resources */ = {isa = PBXBuildFile; fileRef = 32D49D832AE25073001E33F8 /* CarousalCollectionViewCell.xib */; };
		32E0DB112AE23CCF00BE398E /* CategoryCollectionViewCell.swift in Sources */ = {isa = PBXBuildFile; fileRef = 32E0DB0F2AE23CCF00BE398E /* CategoryCollectionViewCell.swift */; };
		32E0DB122AE23CCF00BE398E /* CategoryCollectionViewCell.xib in Resources */ = {isa = PBXBuildFile; fileRef = 32E0DB102AE23CCF00BE398E /* CategoryCollectionViewCell.xib */; };
		32E0DB152AE23CDF00BE398E /* CommonBaseCollectionViewCell.swift in Sources */ = {isa = PBXBuildFile; fileRef = 32E0DB132AE23CDF00BE398E /* CommonBaseCollectionViewCell.swift */; };
		32E0DB162AE23CDF00BE398E /* CommonBaseCollectionViewCell.xib in Resources */ = {isa = PBXBuildFile; fileRef = 32E0DB142AE23CDF00BE398E /* CommonBaseCollectionViewCell.xib */; };
/* End PBXBuildFile section */

/* Begin PBXContainerItemProxy section */
		324070812ADE7E20004FA1F1 /* PBXContainerItemProxy */ = {
			isa = PBXContainerItemProxy;
			containerPortal = 324070622ADE7E1E004FA1F1 /* Project object */;
			proxyType = 1;
			remoteGlobalIDString = 324070692ADE7E1E004FA1F1;
			remoteInfo = Foodkart;
		};
		3240708B2ADE7E20004FA1F1 /* PBXContainerItemProxy */ = {
			isa = PBXContainerItemProxy;
			containerPortal = 324070622ADE7E1E004FA1F1 /* Project object */;
			proxyType = 1;
			remoteGlobalIDString = 324070692ADE7E1E004FA1F1;
			remoteInfo = Foodkart;
		};
/* End PBXContainerItemProxy section */

/* Begin PBXFileReference section */
		321560722AE3952D00378C19 /* OffersCollectionViewCell.swift */ = {isa = PBXFileReference; lastKnownFileType = sourcecode.swift; path = OffersCollectionViewCell.swift; sourceTree = "<group>"; };
		321560732AE3952D00378C19 /* OffersCollectionViewCell.xib */ = {isa = PBXFileReference; lastKnownFileType = file.xib; path = OffersCollectionViewCell.xib; sourceTree = "<group>"; };
		321560762AE3B3BF00378C19 /* UIColorExtension.swift */ = {isa = PBXFileReference; lastKnownFileType = sourcecode.swift; path = UIColorExtension.swift; sourceTree = "<group>"; };
		3240706A2ADE7E1E004FA1F1 /* Foodkart.app */ = {isa = PBXFileReference; explicitFileType = wrapper.application; includeInIndex = 0; path = Foodkart.app; sourceTree = BUILT_PRODUCTS_DIR; };
		3240706D2ADE7E1E004FA1F1 /* AppDelegate.swift */ = {isa = PBXFileReference; lastKnownFileType = sourcecode.swift; path = AppDelegate.swift; sourceTree = "<group>"; };
		3240706F2ADE7E1E004FA1F1 /* SceneDelegate.swift */ = {isa = PBXFileReference; lastKnownFileType = sourcecode.swift; path = SceneDelegate.swift; sourceTree = "<group>"; };
		324070712ADE7E1E004FA1F1 /* HomeViewController.swift */ = {isa = PBXFileReference; lastKnownFileType = sourcecode.swift; path = HomeViewController.swift; sourceTree = "<group>"; };
		324070742ADE7E1E004FA1F1 /* Base */ = {isa = PBXFileReference; lastKnownFileType = file.storyboard; name = Base; path = Base.lproj/Main.storyboard; sourceTree = "<group>"; };
		324070762ADE7E20004FA1F1 /* Assets.xcassets */ = {isa = PBXFileReference; lastKnownFileType = folder.assetcatalog; path = Assets.xcassets; sourceTree = "<group>"; };
		324070792ADE7E20004FA1F1 /* Base */ = {isa = PBXFileReference; lastKnownFileType = file.storyboard; name = Base; path = Base.lproj/LaunchScreen.storyboard; sourceTree = "<group>"; };
		3240707B2ADE7E20004FA1F1 /* Info.plist */ = {isa = PBXFileReference; lastKnownFileType = text.plist.xml; path = Info.plist; sourceTree = "<group>"; };
		324070802ADE7E20004FA1F1 /* FoodkartTests.xctest */ = {isa = PBXFileReference; explicitFileType = wrapper.cfbundle; includeInIndex = 0; path = FoodkartTests.xctest; sourceTree = BUILT_PRODUCTS_DIR; };
		324070842ADE7E20004FA1F1 /* FoodkartTests.swift */ = {isa = PBXFileReference; lastKnownFileType = sourcecode.swift; path = FoodkartTests.swift; sourceTree = "<group>"; };
		3240708A2ADE7E20004FA1F1 /* FoodkartUITests.xctest */ = {isa = PBXFileReference; explicitFileType = wrapper.cfbundle; includeInIndex = 0; path = FoodkartUITests.xctest; sourceTree = BUILT_PRODUCTS_DIR; };
		3240708E2ADE7E20004FA1F1 /* FoodkartUITests.swift */ = {isa = PBXFileReference; lastKnownFileType = sourcecode.swift; path = FoodkartUITests.swift; sourceTree = "<group>"; };
		324070902ADE7E20004FA1F1 /* FoodkartUITestsLaunchTests.swift */ = {isa = PBXFileReference; lastKnownFileType = sourcecode.swift; path = FoodkartUITestsLaunchTests.swift; sourceTree = "<group>"; };
		324070A22ADE97A1004FA1F1 /* HomeModel.swift */ = {isa = PBXFileReference; lastKnownFileType = sourcecode.swift; path = HomeModel.swift; sourceTree = "<group>"; };
		324070A52ADEC63E004FA1F1 /* ApiManager.swift */ = {isa = PBXFileReference; lastKnownFileType = sourcecode.swift; path = ApiManager.swift; sourceTree = "<group>"; };
		3279A72A2AE139CB00D1F467 /* AppConstats.swift */ = {isa = PBXFileReference; lastKnownFileType = sourcecode.swift; path = AppConstats.swift; sourceTree = "<group>"; };
		3279A72F2AE13D1F00D1F467 /* TabbarCollectionViewCell.swift */ = {isa = PBXFileReference; lastKnownFileType = sourcecode.swift; path = TabbarCollectionViewCell.swift; sourceTree = "<group>"; };
		3279A7302AE13D1F00D1F467 /* TabbarCollectionViewCell.xib */ = {isa = PBXFileReference; lastKnownFileType = file.xib; path = TabbarCollectionViewCell.xib; sourceTree = "<group>"; };
		3279A7342AE15F1D00D1F467 /* CarousalTableViewCell.swift */ = {isa = PBXFileReference; lastKnownFileType = sourcecode.swift; path = CarousalTableViewCell.swift; sourceTree = "<group>"; };
		3279A7352AE15F1D00D1F467 /* CarousalTableViewCell.xib */ = {isa = PBXFileReference; lastKnownFileType = file.xib; path = CarousalTableViewCell.xib; sourceTree = "<group>"; };
		3279A7392AE1644800D1F467 /* CommonBaseTableViewCell.swift */ = {isa = PBXFileReference; lastKnownFileType = sourcecode.swift; path = CommonBaseTableViewCell.swift; sourceTree = "<group>"; };
		3279A73A2AE1644800D1F467 /* CommonBaseTableViewCell.xib */ = {isa = PBXFileReference; lastKnownFileType = file.xib; path = CommonBaseTableViewCell.xib; sourceTree = "<group>"; };
		329F0E322AE2F2870085BA47 /* UIImageExtension.swift */ = {isa = PBXFileReference; lastKnownFileType = sourcecode.swift; path = UIImageExtension.swift; sourceTree = "<group>"; };
		32B9DD302AE00936006FB0C1 /* HomeViewModel.swift */ = {isa = PBXFileReference; lastKnownFileType = sourcecode.swift; path = HomeViewModel.swift; sourceTree = "<group>"; };
		32D49D822AE25073001E33F8 /* CarousalCollectionViewCell.swift */ = {isa = PBXFileReference; lastKnownFileType = sourcecode.swift; path = CarousalCollectionViewCell.swift; sourceTree = "<group>"; };
		32D49D832AE25073001E33F8 /* CarousalCollectionViewCell.xib */ = {isa = PBXFileReference; lastKnownFileType = file.xib; path = CarousalCollectionViewCell.xib; sourceTree = "<group>"; };
		32E0DB0F2AE23CCF00BE398E /* CategoryCollectionViewCell.swift */ = {isa = PBXFileReference; lastKnownFileType = sourcecode.swift; path = CategoryCollectionViewCell.swift; sourceTree = "<group>"; };
		32E0DB102AE23CCF00BE398E /* CategoryCollectionViewCell.xib */ = {isa = PBXFileReference; lastKnownFileType = file.xib; path = CategoryCollectionViewCell.xib; sourceTree = "<group>"; };
		32E0DB132AE23CDF00BE398E /* CommonBaseCollectionViewCell.swift */ = {isa = PBXFileReference; lastKnownFileType = sourcecode.swift; path = CommonBaseCollectionViewCell.swift; sourceTree = "<group>"; };
		32E0DB142AE23CDF00BE398E /* CommonBaseCollectionViewCell.xib */ = {isa = PBXFileReference; lastKnownFileType = file.xib; path = CommonBaseCollectionViewCell.xib; sourceTree = "<group>"; };
/* End PBXFileReference section */

/* Begin PBXFrameworksBuildPhase section */
		324070672ADE7E1E004FA1F1 /* Frameworks */ = {
			isa = PBXFrameworksBuildPhase;
			buildActionMask = 2147483647;
			files = (
			);
			runOnlyForDeploymentPostprocessing = 0;
		};
		3240707D2ADE7E20004FA1F1 /* Frameworks */ = {
			isa = PBXFrameworksBuildPhase;
			buildActionMask = 2147483647;
			files = (
			);
			runOnlyForDeploymentPostprocessing = 0;
		};
		324070872ADE7E20004FA1F1 /* Frameworks */ = {
			isa = PBXFrameworksBuildPhase;
			buildActionMask = 2147483647;
			files = (
			);
			runOnlyForDeploymentPostprocessing = 0;
		};
/* End PBXFrameworksBuildPhase section */

/* Begin PBXGroup section */
		321560712AE3950500378C19 /* OffersCollectionViewCell */ = {
			isa = PBXGroup;
			children = (
				321560722AE3952D00378C19 /* OffersCollectionViewCell.swift */,
				321560732AE3952D00378C19 /* OffersCollectionViewCell.xib */,
			);
			path = OffersCollectionViewCell;
			sourceTree = "<group>";
		};
		324070612ADE7E1E004FA1F1 = {
			isa = PBXGroup;
			children = (
				3240706C2ADE7E1E004FA1F1 /* Foodkart */,
				324070832ADE7E20004FA1F1 /* FoodkartTests */,
				3240708D2ADE7E20004FA1F1 /* FoodkartUITests */,
				3240706B2ADE7E1E004FA1F1 /* Products */,
			);
			sourceTree = "<group>";
		};
		3240706B2ADE7E1E004FA1F1 /* Products */ = {
			isa = PBXGroup;
			children = (
				3240706A2ADE7E1E004FA1F1 /* Foodkart.app */,
				324070802ADE7E20004FA1F1 /* FoodkartTests.xctest */,
				3240708A2ADE7E20004FA1F1 /* FoodkartUITests.xctest */,
			);
			name = Products;
			sourceTree = "<group>";
		};
		3240706C2ADE7E1E004FA1F1 /* Foodkart */ = {
			isa = PBXGroup;
			children = (
				329F0E312AE2F26A0085BA47 /* Extensions */,
				3279A7332AE15EEF00D1F467 /* TableViewCells */,
				3279A72C2AE13C6500D1F467 /* CollectionViewCells */,
				32B9DD322AE00B3C006FB0C1 /* HomeModel */,
				32B9DD2F2AE00927006FB0C1 /* HomeViewModel */,
				324070A42ADEC620004FA1F1 /* APIManager */,
				3240706D2ADE7E1E004FA1F1 /* AppDelegate.swift */,
				3240706F2ADE7E1E004FA1F1 /* SceneDelegate.swift */,
				324070712ADE7E1E004FA1F1 /* HomeViewController.swift */,
				324070732ADE7E1E004FA1F1 /* Main.storyboard */,
				324070762ADE7E20004FA1F1 /* Assets.xcassets */,
				324070782ADE7E20004FA1F1 /* LaunchScreen.storyboard */,
				3240707B2ADE7E20004FA1F1 /* Info.plist */,
				3279A72A2AE139CB00D1F467 /* AppConstats.swift */,
			);
			path = Foodkart;
			sourceTree = "<group>";
		};
		324070832ADE7E20004FA1F1 /* FoodkartTests */ = {
			isa = PBXGroup;
			children = (
				324070842ADE7E20004FA1F1 /* FoodkartTests.swift */,
			);
			path = FoodkartTests;
			sourceTree = "<group>";
		};
		3240708D2ADE7E20004FA1F1 /* FoodkartUITests */ = {
			isa = PBXGroup;
			children = (
				3240708E2ADE7E20004FA1F1 /* FoodkartUITests.swift */,
				324070902ADE7E20004FA1F1 /* FoodkartUITestsLaunchTests.swift */,
			);
			path = FoodkartUITests;
			sourceTree = "<group>";
		};
		324070A42ADEC620004FA1F1 /* APIManager */ = {
			isa = PBXGroup;
			children = (
				324070A52ADEC63E004FA1F1 /* ApiManager.swift */,
			);
			path = APIManager;
			sourceTree = "<group>";
		};
		3279A72C2AE13C6500D1F467 /* CollectionViewCells */ = {
			isa = PBXGroup;
			children = (
				321560712AE3950500378C19 /* OffersCollectionViewCell */,
				32D49D862AE250A2001E33F8 /* CarousalCollectionViewCell */,
				32E0DB0E2AE23CA900BE398E /* CategoryCollectionViewCell */,
				32E0DB0D2AE23C8E00BE398E /* CommonBaseCollectionViewCell */,
				32E0DB0C2AE23C7B00BE398E /* TabbarCollectionViewCell */,
			);
			path = CollectionViewCells;
			sourceTree = "<group>";
		};
		3279A7332AE15EEF00D1F467 /* TableViewCells */ = {
			isa = PBXGroup;
			children = (
				3279A73E2AE16EDD00D1F467 /* CarousalTableViewCell */,
				3279A7382AE1622D00D1F467 /* CommonBaseTableViewCell */,
			);
			path = TableViewCells;
			sourceTree = "<group>";
		};
		3279A7382AE1622D00D1F467 /* CommonBaseTableViewCell */ = {
			isa = PBXGroup;
			children = (
				3279A7392AE1644800D1F467 /* CommonBaseTableViewCell.swift */,
				3279A73A2AE1644800D1F467 /* CommonBaseTableViewCell.xib */,
			);
			path = CommonBaseTableViewCell;
			sourceTree = "<group>";
		};
		3279A73E2AE16EDD00D1F467 /* CarousalTableViewCell */ = {
			isa = PBXGroup;
			children = (
				3279A7342AE15F1D00D1F467 /* CarousalTableViewCell.swift */,
				3279A7352AE15F1D00D1F467 /* CarousalTableViewCell.xib */,
			);
			path = CarousalTableViewCell;
			sourceTree = "<group>";
		};
		329F0E312AE2F26A0085BA47 /* Extensions */ = {
			isa = PBXGroup;
			children = (
				329F0E322AE2F2870085BA47 /* UIImageExtension.swift */,
				321560762AE3B3BF00378C19 /* UIColorExtension.swift */,
			);
			path = Extensions;
			sourceTree = "<group>";
		};
		32B9DD2F2AE00927006FB0C1 /* HomeViewModel */ = {
			isa = PBXGroup;
			children = (
				32B9DD302AE00936006FB0C1 /* HomeViewModel.swift */,
			);
			path = HomeViewModel;
			sourceTree = "<group>";
		};
		32B9DD322AE00B3C006FB0C1 /* HomeModel */ = {
			isa = PBXGroup;
			children = (
				324070A22ADE97A1004FA1F1 /* HomeModel.swift */,
			);
			path = HomeModel;
			sourceTree = "<group>";
		};
		32D49D862AE250A2001E33F8 /* CarousalCollectionViewCell */ = {
			isa = PBXGroup;
			children = (
				32D49D822AE25073001E33F8 /* CarousalCollectionViewCell.swift */,
				32D49D832AE25073001E33F8 /* CarousalCollectionViewCell.xib */,
			);
			path = CarousalCollectionViewCell;
			sourceTree = "<group>";
		};
		32E0DB0C2AE23C7B00BE398E /* TabbarCollectionViewCell */ = {
			isa = PBXGroup;
			children = (
				3279A72F2AE13D1F00D1F467 /* TabbarCollectionViewCell.swift */,
				3279A7302AE13D1F00D1F467 /* TabbarCollectionViewCell.xib */,
			);
			path = TabbarCollectionViewCell;
			sourceTree = "<group>";
		};
		32E0DB0D2AE23C8E00BE398E /* CommonBaseCollectionViewCell */ = {
			isa = PBXGroup;
			children = (
				32E0DB132AE23CDF00BE398E /* CommonBaseCollectionViewCell.swift */,
				32E0DB142AE23CDF00BE398E /* CommonBaseCollectionViewCell.xib */,
			);
			path = CommonBaseCollectionViewCell;
			sourceTree = "<group>";
		};
		32E0DB0E2AE23CA900BE398E /* CategoryCollectionViewCell */ = {
			isa = PBXGroup;
			children = (
				32E0DB0F2AE23CCF00BE398E /* CategoryCollectionViewCell.swift */,
				32E0DB102AE23CCF00BE398E /* CategoryCollectionViewCell.xib */,
			);
			path = CategoryCollectionViewCell;
			sourceTree = "<group>";
		};
/* End PBXGroup section */

/* Begin PBXNativeTarget section */
		324070692ADE7E1E004FA1F1 /* Foodkart */ = {
			isa = PBXNativeTarget;
			buildConfigurationList = 324070942ADE7E20004FA1F1 /* Build configuration list for PBXNativeTarget "Foodkart" */;
			buildPhases = (
				324070662ADE7E1E004FA1F1 /* Sources */,
				324070672ADE7E1E004FA1F1 /* Frameworks */,
				324070682ADE7E1E004FA1F1 /* Resources */,
			);
			buildRules = (
			);
			dependencies = (
			);
			name = Foodkart;
			productName = Foodkart;
			productReference = 3240706A2ADE7E1E004FA1F1 /* Foodkart.app */;
			productType = "com.apple.product-type.application";
		};
		3240707F2ADE7E20004FA1F1 /* FoodkartTests */ = {
			isa = PBXNativeTarget;
			buildConfigurationList = 324070972ADE7E20004FA1F1 /* Build configuration list for PBXNativeTarget "FoodkartTests" */;
			buildPhases = (
				3240707C2ADE7E20004FA1F1 /* Sources */,
				3240707D2ADE7E20004FA1F1 /* Frameworks */,
				3240707E2ADE7E20004FA1F1 /* Resources */,
			);
			buildRules = (
			);
			dependencies = (
				324070822ADE7E20004FA1F1 /* PBXTargetDependency */,
			);
			name = FoodkartTests;
			productName = FoodkartTests;
			productReference = 324070802ADE7E20004FA1F1 /* FoodkartTests.xctest */;
			productType = "com.apple.product-type.bundle.unit-test";
		};
		324070892ADE7E20004FA1F1 /* FoodkartUITests */ = {
			isa = PBXNativeTarget;
			buildConfigurationList = 3240709A2ADE7E20004FA1F1 /* Build configuration list for PBXNativeTarget "FoodkartUITests" */;
			buildPhases = (
				324070862ADE7E20004FA1F1 /* Sources */,
				324070872ADE7E20004FA1F1 /* Frameworks */,
				324070882ADE7E20004FA1F1 /* Resources */,
			);
			buildRules = (
			);
			dependencies = (
				3240708C2ADE7E20004FA1F1 /* PBXTargetDependency */,
			);
			name = FoodkartUITests;
			productName = FoodkartUITests;
			productReference = 3240708A2ADE7E20004FA1F1 /* FoodkartUITests.xctest */;
			productType = "com.apple.product-type.bundle.ui-testing";
		};
/* End PBXNativeTarget section */

/* Begin PBXProject section */
		324070622ADE7E1E004FA1F1 /* Project object */ = {
			isa = PBXProject;
			attributes = {
				BuildIndependentTargetsInParallel = 1;
				LastSwiftUpdateCheck = 1500;
				LastUpgradeCheck = 1500;
				TargetAttributes = {
					324070692ADE7E1E004FA1F1 = {
						CreatedOnToolsVersion = 15.0;
					};
					3240707F2ADE7E20004FA1F1 = {
						CreatedOnToolsVersion = 15.0;
						TestTargetID = 324070692ADE7E1E004FA1F1;
					};
					324070892ADE7E20004FA1F1 = {
						CreatedOnToolsVersion = 15.0;
						TestTargetID = 324070692ADE7E1E004FA1F1;
					};
				};
			};
			buildConfigurationList = 324070652ADE7E1E004FA1F1 /* Build configuration list for PBXProject "Foodkart" */;
			compatibilityVersion = "Xcode 14.0";
			developmentRegion = en;
			hasScannedForEncodings = 0;
			knownRegions = (
				en,
				Base,
			);
			mainGroup = 324070612ADE7E1E004FA1F1;
			productRefGroup = 3240706B2ADE7E1E004FA1F1 /* Products */;
			projectDirPath = "";
			projectRoot = "";
			targets = (
				324070692ADE7E1E004FA1F1 /* Foodkart */,
				3240707F2ADE7E20004FA1F1 /* FoodkartTests */,
				324070892ADE7E20004FA1F1 /* FoodkartUITests */,
			);
		};
/* End PBXProject section */

/* Begin PBXResourcesBuildPhase section */
		324070682ADE7E1E004FA1F1 /* Resources */ = {
			isa = PBXResourcesBuildPhase;
			buildActionMask = 2147483647;
			files = (
				32E0DB162AE23CDF00BE398E /* CommonBaseCollectionViewCell.xib in Resources */,
				3279A7372AE15F1D00D1F467 /* CarousalTableViewCell.xib in Resources */,
				321560752AE3952D00378C19 /* OffersCollectionViewCell.xib in Resources */,
				32D49D852AE25073001E33F8 /* CarousalCollectionViewCell.xib in Resources */,
				32E0DB122AE23CCF00BE398E /* CategoryCollectionViewCell.xib in Resources */,
				3279A7322AE13D1F00D1F467 /* TabbarCollectionViewCell.xib in Resources */,
				3240707A2ADE7E20004FA1F1 /* LaunchScreen.storyboard in Resources */,
				324070772ADE7E20004FA1F1 /* Assets.xcassets in Resources */,
				324070752ADE7E1E004FA1F1 /* Main.storyboard in Resources */,
				3279A73C2AE1644800D1F467 /* CommonBaseTableViewCell.xib in Resources */,
			);
			runOnlyForDeploymentPostprocessing = 0;
		};
		3240707E2ADE7E20004FA1F1 /* Resources */ = {
			isa = PBXResourcesBuildPhase;
			buildActionMask = 2147483647;
			files = (
			);
			runOnlyForDeploymentPostprocessing = 0;
		};
		324070882ADE7E20004FA1F1 /* Resources */ = {
			isa = PBXResourcesBuildPhase;
			buildActionMask = 2147483647;
			files = (
			);
			runOnlyForDeploymentPostprocessing = 0;
		};
/* End PBXResourcesBuildPhase section */

/* Begin PBXSourcesBuildPhase section */
		324070662ADE7E1E004FA1F1 /* Sources */ = {
			isa = PBXSourcesBuildPhase;
			buildActionMask = 2147483647;
			files = (
				32D49D842AE25073001E33F8 /* CarousalCollectionViewCell.swift in Sources */,
				32E0DB152AE23CDF00BE398E /* CommonBaseCollectionViewCell.swift in Sources */,
				324070722ADE7E1E004FA1F1 /* HomeViewController.swift in Sources */,
				3240706E2ADE7E1E004FA1F1 /* AppDelegate.swift in Sources */,
				321560742AE3952D00378C19 /* OffersCollectionViewCell.swift in Sources */,
				32B9DD312AE00936006FB0C1 /* HomeViewModel.swift in Sources */,
				324070702ADE7E1E004FA1F1 /* SceneDelegate.swift in Sources */,
				3279A7312AE13D1F00D1F467 /* TabbarCollectionViewCell.swift in Sources */,
				329F0E332AE2F2870085BA47 /* UIImageExtension.swift in Sources */,
				3279A72B2AE139CB00D1F467 /* AppConstats.swift in Sources */,
				3279A7362AE15F1D00D1F467 /* CarousalTableViewCell.swift in Sources */,
				321560772AE3B3BF00378C19 /* UIColorExtension.swift in Sources */,
				324070A32ADE97A1004FA1F1 /* HomeModel.swift in Sources */,
				32E0DB112AE23CCF00BE398E /* CategoryCollectionViewCell.swift in Sources */,
				324070A62ADEC63E004FA1F1 /* ApiManager.swift in Sources */,
				3279A73B2AE1644800D1F467 /* CommonBaseTableViewCell.swift in Sources */,
			);
			runOnlyForDeploymentPostprocessing = 0;
		};
		3240707C2ADE7E20004FA1F1 /* Sources */ = {
			isa = PBXSourcesBuildPhase;
			buildActionMask = 2147483647;
			files = (
				324070852ADE7E20004FA1F1 /* FoodkartTests.swift in Sources */,
			);
			runOnlyForDeploymentPostprocessing = 0;
		};
		324070862ADE7E20004FA1F1 /* Sources */ = {
			isa = PBXSourcesBuildPhase;
			buildActionMask = 2147483647;
			files = (
				324070912ADE7E20004FA1F1 /* FoodkartUITestsLaunchTests.swift in Sources */,
				3240708F2ADE7E20004FA1F1 /* FoodkartUITests.swift in Sources */,
			);
			runOnlyForDeploymentPostprocessing = 0;
		};
/* End PBXSourcesBuildPhase section */

/* Begin PBXTargetDependency section */
		324070822ADE7E20004FA1F1 /* PBXTargetDependency */ = {
			isa = PBXTargetDependency;
			target = 324070692ADE7E1E004FA1F1 /* Foodkart */;
			targetProxy = 324070812ADE7E20004FA1F1 /* PBXContainerItemProxy */;
		};
		3240708C2ADE7E20004FA1F1 /* PBXTargetDependency */ = {
			isa = PBXTargetDependency;
			target = 324070692ADE7E1E004FA1F1 /* Foodkart */;
			targetProxy = 3240708B2ADE7E20004FA1F1 /* PBXContainerItemProxy */;
		};
/* End PBXTargetDependency section */

/* Begin PBXVariantGroup section */
		324070732ADE7E1E004FA1F1 /* Main.storyboard */ = {
			isa = PBXVariantGroup;
			children = (
				324070742ADE7E1E004FA1F1 /* Base */,
			);
			name = Main.storyboard;
			sourceTree = "<group>";
		};
		324070782ADE7E20004FA1F1 /* LaunchScreen.storyboard */ = {
			isa = PBXVariantGroup;
			children = (
				324070792ADE7E20004FA1F1 /* Base */,
			);
			name = LaunchScreen.storyboard;
			sourceTree = "<group>";
		};
/* End PBXVariantGroup section */

/* Begin XCBuildConfiguration section */
		324070922ADE7E20004FA1F1 /* Debug */ = {
			isa = XCBuildConfiguration;
			buildSettings = {
				ALWAYS_SEARCH_USER_PATHS = NO;
				ASSETCATALOG_COMPILER_GENERATE_SWIFT_ASSET_SYMBOL_EXTENSIONS = YES;
				CLANG_ANALYZER_NONNULL = YES;
				CLANG_ANALYZER_NUMBER_OBJECT_CONVERSION = YES_AGGRESSIVE;
				CLANG_CXX_LANGUAGE_STANDARD = "gnu++20";
				CLANG_ENABLE_MODULES = YES;
				CLANG_ENABLE_OBJC_ARC = YES;
				CLANG_ENABLE_OBJC_WEAK = YES;
				CLANG_WARN_BLOCK_CAPTURE_AUTORELEASING = YES;
				CLANG_WARN_BOOL_CONVERSION = YES;
				CLANG_WARN_COMMA = YES;
				CLANG_WARN_CONSTANT_CONVERSION = YES;
				CLANG_WARN_DEPRECATED_OBJC_IMPLEMENTATIONS = YES;
				CLANG_WARN_DIRECT_OBJC_ISA_USAGE = YES_ERROR;
				CLANG_WARN_DOCUMENTATION_COMMENTS = YES;
				CLANG_WARN_EMPTY_BODY = YES;
				CLANG_WARN_ENUM_CONVERSION = YES;
				CLANG_WARN_INFINITE_RECURSION = YES;
				CLANG_WARN_INT_CONVERSION = YES;
				CLANG_WARN_NON_LITERAL_NULL_CONVERSION = YES;
				CLANG_WARN_OBJC_IMPLICIT_RETAIN_SELF = YES;
				CLANG_WARN_OBJC_LITERAL_CONVERSION = YES;
				CLANG_WARN_OBJC_ROOT_CLASS = YES_ERROR;
				CLANG_WARN_QUOTED_INCLUDE_IN_FRAMEWORK_HEADER = YES;
				CLANG_WARN_RANGE_LOOP_ANALYSIS = YES;
				CLANG_WARN_STRICT_PROTOTYPES = YES;
				CLANG_WARN_SUSPICIOUS_MOVE = YES;
				CLANG_WARN_UNGUARDED_AVAILABILITY = YES_AGGRESSIVE;
				CLANG_WARN_UNREACHABLE_CODE = YES;
				CLANG_WARN__DUPLICATE_METHOD_MATCH = YES;
				COPY_PHASE_STRIP = NO;
				DEBUG_INFORMATION_FORMAT = dwarf;
				ENABLE_STRICT_OBJC_MSGSEND = YES;
				ENABLE_TESTABILITY = YES;
				ENABLE_USER_SCRIPT_SANDBOXING = YES;
				GCC_C_LANGUAGE_STANDARD = gnu17;
				GCC_DYNAMIC_NO_PIC = NO;
				GCC_NO_COMMON_BLOCKS = YES;
				GCC_OPTIMIZATION_LEVEL = 0;
				GCC_PREPROCESSOR_DEFINITIONS = (
					"DEBUG=1",
					"$(inherited)",
				);
				GCC_WARN_64_TO_32_BIT_CONVERSION = YES;
				GCC_WARN_ABOUT_RETURN_TYPE = YES_ERROR;
				GCC_WARN_UNDECLARED_SELECTOR = YES;
				GCC_WARN_UNINITIALIZED_AUTOS = YES_AGGRESSIVE;
				GCC_WARN_UNUSED_FUNCTION = YES;
				GCC_WARN_UNUSED_VARIABLE = YES;
				IPHONEOS_DEPLOYMENT_TARGET = 17.0;
				LOCALIZATION_PREFERS_STRING_CATALOGS = YES;
				MTL_ENABLE_DEBUG_INFO = INCLUDE_SOURCE;
				MTL_FAST_MATH = YES;
				ONLY_ACTIVE_ARCH = YES;
				SDKROOT = iphoneos;
				SWIFT_ACTIVE_COMPILATION_CONDITIONS = "DEBUG $(inherited)";
				SWIFT_OPTIMIZATION_LEVEL = "-Onone";
			};
			name = Debug;
		};
		324070932ADE7E20004FA1F1 /* Release */ = {
			isa = XCBuildConfiguration;
			buildSettings = {
				ALWAYS_SEARCH_USER_PATHS = NO;
				ASSETCATALOG_COMPILER_GENERATE_SWIFT_ASSET_SYMBOL_EXTENSIONS = YES;
				CLANG_ANALYZER_NONNULL = YES;
				CLANG_ANALYZER_NUMBER_OBJECT_CONVERSION = YES_AGGRESSIVE;
				CLANG_CXX_LANGUAGE_STANDARD = "gnu++20";
				CLANG_ENABLE_MODULES = YES;
				CLANG_ENABLE_OBJC_ARC = YES;
				CLANG_ENABLE_OBJC_WEAK = YES;
				CLANG_WARN_BLOCK_CAPTURE_AUTORELEASING = YES;
				CLANG_WARN_BOOL_CONVERSION = YES;
				CLANG_WARN_COMMA = YES;
				CLANG_WARN_CONSTANT_CONVERSION = YES;
				CLANG_WARN_DEPRECATED_OBJC_IMPLEMENTATIONS = YES;
				CLANG_WARN_DIRECT_OBJC_ISA_USAGE = YES_ERROR;
				CLANG_WARN_DOCUMENTATION_COMMENTS = YES;
				CLANG_WARN_EMPTY_BODY = YES;
				CLANG_WARN_ENUM_CONVERSION = YES;
				CLANG_WARN_INFINITE_RECURSION = YES;
				CLANG_WARN_INT_CONVERSION = YES;
				CLANG_WARN_NON_LITERAL_NULL_CONVERSION = YES;
				CLANG_WARN_OBJC_IMPLICIT_RETAIN_SELF = YES;
				CLANG_WARN_OBJC_LITERAL_CONVERSION = YES;
				CLANG_WARN_OBJC_ROOT_CLASS = YES_ERROR;
				CLANG_WARN_QUOTED_INCLUDE_IN_FRAMEWORK_HEADER = YES;
				CLANG_WARN_RANGE_LOOP_ANALYSIS = YES;
				CLANG_WARN_STRICT_PROTOTYPES = YES;
				CLANG_WARN_SUSPICIOUS_MOVE = YES;
				CLANG_WARN_UNGUARDED_AVAILABILITY = YES_AGGRESSIVE;
				CLANG_WARN_UNREACHABLE_CODE = YES;
				CLANG_WARN__DUPLICATE_METHOD_MATCH = YES;
				COPY_PHASE_STRIP = NO;
				DEBUG_INFORMATION_FORMAT = "dwarf-with-dsym";
				ENABLE_NS_ASSERTIONS = NO;
				ENABLE_STRICT_OBJC_MSGSEND = YES;
				ENABLE_USER_SCRIPT_SANDBOXING = YES;
				GCC_C_LANGUAGE_STANDARD = gnu17;
				GCC_NO_COMMON_BLOCKS = YES;
				GCC_WARN_64_TO_32_BIT_CONVERSION = YES;
				GCC_WARN_ABOUT_RETURN_TYPE = YES_ERROR;
				GCC_WARN_UNDECLARED_SELECTOR = YES;
				GCC_WARN_UNINITIALIZED_AUTOS = YES_AGGRESSIVE;
				GCC_WARN_UNUSED_FUNCTION = YES;
				GCC_WARN_UNUSED_VARIABLE = YES;
				IPHONEOS_DEPLOYMENT_TARGET = 17.0;
				LOCALIZATION_PREFERS_STRING_CATALOGS = YES;
				MTL_ENABLE_DEBUG_INFO = NO;
				MTL_FAST_MATH = YES;
				SDKROOT = iphoneos;
				SWIFT_COMPILATION_MODE = wholemodule;
				VALIDATE_PRODUCT = YES;
			};
			name = Release;
		};
		324070952ADE7E20004FA1F1 /* Debug */ = {
			isa = XCBuildConfiguration;
			buildSettings = {
				ASSETCATALOG_COMPILER_APPICON_NAME = AppIcon;
				ASSETCATALOG_COMPILER_GLOBAL_ACCENT_COLOR_NAME = AccentColor;
				CODE_SIGN_STYLE = Automatic;
				CURRENT_PROJECT_VERSION = 1;
				GENERATE_INFOPLIST_FILE = YES;
				INFOPLIST_FILE = Foodkart/Info.plist;
				INFOPLIST_KEY_UIApplicationSupportsIndirectInputEvents = YES;
				INFOPLIST_KEY_UILaunchStoryboardName = LaunchScreen;
				INFOPLIST_KEY_UIMainStoryboardFile = Main;
				INFOPLIST_KEY_UISupportedInterfaceOrientations_iPad = "UIInterfaceOrientationPortrait UIInterfaceOrientationPortraitUpsideDown UIInterfaceOrientationLandscapeLeft UIInterfaceOrientationLandscapeRight";
				INFOPLIST_KEY_UISupportedInterfaceOrientations_iPhone = "UIInterfaceOrientationPortrait UIInterfaceOrientationLandscapeLeft UIInterfaceOrientationLandscapeRight";
				LD_RUNPATH_SEARCH_PATHS = (
					"$(inherited)",
					"@executable_path/Frameworks",
				);
				MARKETING_VERSION = 1.0;
				PRODUCT_BUNDLE_IDENTIFIER = com.media.jio.Foodkart;
				PRODUCT_NAME = "$(TARGET_NAME)";
				SWIFT_EMIT_LOC_STRINGS = YES;
				SWIFT_VERSION = 5.0;
				TARGETED_DEVICE_FAMILY = "1,2";
			};
			name = Debug;
		};
		324070962ADE7E20004FA1F1 /* Release */ = {
			isa = XCBuildConfiguration;
			buildSettings = {
				ASSETCATALOG_COMPILER_APPICON_NAME = AppIcon;
				ASSETCATALOG_COMPILER_GLOBAL_ACCENT_COLOR_NAME = AccentColor;
				CODE_SIGN_STYLE = Automatic;
				CURRENT_PROJECT_VERSION = 1;
				GENERATE_INFOPLIST_FILE = YES;
				INFOPLIST_FILE = Foodkart/Info.plist;
				INFOPLIST_KEY_UIApplicationSupportsIndirectInputEvents = YES;
				INFOPLIST_KEY_UILaunchStoryboardName = LaunchScreen;
				INFOPLIST_KEY_UIMainStoryboardFile = Main;
				INFOPLIST_KEY_UISupportedInterfaceOrientations_iPad = "UIInterfaceOrientationPortrait UIInterfaceOrientationPortraitUpsideDown UIInterfaceOrientationLandscapeLeft UIInterfaceOrientationLandscapeRight";
				INFOPLIST_KEY_UISupportedInterfaceOrientations_iPhone = "UIInterfaceOrientationPortrait UIInterfaceOrientationLandscapeLeft UIInterfaceOrientationLandscapeRight";
				LD_RUNPATH_SEARCH_PATHS = (
					"$(inherited)",
					"@executable_path/Frameworks",
				);
				MARKETING_VERSION = 1.0;
				PRODUCT_BUNDLE_IDENTIFIER = com.media.jio.Foodkart;
				PRODUCT_NAME = "$(TARGET_NAME)";
				SWIFT_EMIT_LOC_STRINGS = YES;
				SWIFT_VERSION = 5.0;
				TARGETED_DEVICE_FAMILY = "1,2";
			};
			name = Release;
		};
		324070982ADE7E20004FA1F1 /* Debug */ = {
			isa = XCBuildConfiguration;
			buildSettings = {
				ALWAYS_EMBED_SWIFT_STANDARD_LIBRARIES = YES;
				BUNDLE_LOADER = "$(TEST_HOST)";
				CODE_SIGN_STYLE = Automatic;
				CURRENT_PROJECT_VERSION = 1;
				GENERATE_INFOPLIST_FILE = YES;
				IPHONEOS_DEPLOYMENT_TARGET = 17.0;
				MARKETING_VERSION = 1.0;
				PRODUCT_BUNDLE_IDENTIFIER = com.media.jio.FoodkartTests;
				PRODUCT_NAME = "$(TARGET_NAME)";
				SWIFT_EMIT_LOC_STRINGS = NO;
				SWIFT_VERSION = 5.0;
				TARGETED_DEVICE_FAMILY = "1,2";
				TEST_HOST = "$(BUILT_PRODUCTS_DIR)/Foodkart.app/$(BUNDLE_EXECUTABLE_FOLDER_PATH)/Foodkart";
			};
			name = Debug;
		};
		324070992ADE7E20004FA1F1 /* Release */ = {
			isa = XCBuildConfiguration;
			buildSettings = {
				ALWAYS_EMBED_SWIFT_STANDARD_LIBRARIES = YES;
				BUNDLE_LOADER = "$(TEST_HOST)";
				CODE_SIGN_STYLE = Automatic;
				CURRENT_PROJECT_VERSION = 1;
				GENERATE_INFOPLIST_FILE = YES;
				IPHONEOS_DEPLOYMENT_TARGET = 17.0;
				MARKETING_VERSION = 1.0;
				PRODUCT_BUNDLE_IDENTIFIER = com.media.jio.FoodkartTests;
				PRODUCT_NAME = "$(TARGET_NAME)";
				SWIFT_EMIT_LOC_STRINGS = NO;
				SWIFT_VERSION = 5.0;
				TARGETED_DEVICE_FAMILY = "1,2";
				TEST_HOST = "$(BUILT_PRODUCTS_DIR)/Foodkart.app/$(BUNDLE_EXECUTABLE_FOLDER_PATH)/Foodkart";
			};
			name = Release;
		};
		3240709B2ADE7E20004FA1F1 /* Debug */ = {
			isa = XCBuildConfiguration;
			buildSettings = {
				ALWAYS_EMBED_SWIFT_STANDARD_LIBRARIES = YES;
				CODE_SIGN_STYLE = Automatic;
				CURRENT_PROJECT_VERSION = 1;
				GENERATE_INFOPLIST_FILE = YES;
				MARKETING_VERSION = 1.0;
				PRODUCT_BUNDLE_IDENTIFIER = com.media.jio.FoodkartUITests;
				PRODUCT_NAME = "$(TARGET_NAME)";
				SWIFT_EMIT_LOC_STRINGS = NO;
				SWIFT_VERSION = 5.0;
				TARGETED_DEVICE_FAMILY = "1,2";
				TEST_TARGET_NAME = Foodkart;
			};
			name = Debug;
		};
		3240709C2ADE7E20004FA1F1 /* Release */ = {
			isa = XCBuildConfiguration;
			buildSettings = {
				ALWAYS_EMBED_SWIFT_STANDARD_LIBRARIES = YES;
				CODE_SIGN_STYLE = Automatic;
				CURRENT_PROJECT_VERSION = 1;
				GENERATE_INFOPLIST_FILE = YES;
				MARKETING_VERSION = 1.0;
				PRODUCT_BUNDLE_IDENTIFIER = com.media.jio.FoodkartUITests;
				PRODUCT_NAME = "$(TARGET_NAME)";
				SWIFT_EMIT_LOC_STRINGS = NO;
				SWIFT_VERSION = 5.0;
				TARGETED_DEVICE_FAMILY = "1,2";
				TEST_TARGET_NAME = Foodkart;
			};
			name = Release;
		};
/* End XCBuildConfiguration section */

/* Begin XCConfigurationList section */
		324070652ADE7E1E004FA1F1 /* Build configuration list for PBXProject "Foodkart" */ = {
			isa = XCConfigurationList;
			buildConfigurations = (
				324070922ADE7E20004FA1F1 /* Debug */,
				324070932ADE7E20004FA1F1 /* Release */,
			);
			defaultConfigurationIsVisible = 0;
			defaultConfigurationName = Release;
		};
		324070942ADE7E20004FA1F1 /* Build configuration list for PBXNativeTarget "Foodkart" */ = {
			isa = XCConfigurationList;
			buildConfigurations = (
				324070952ADE7E20004FA1F1 /* Debug */,
				324070962ADE7E20004FA1F1 /* Release */,
			);
			defaultConfigurationIsVisible = 0;
			defaultConfigurationName = Release;
		};
		324070972ADE7E20004FA1F1 /* Build configuration list for PBXNativeTarget "FoodkartTests" */ = {
			isa = XCConfigurationList;
			buildConfigurations = (
				324070982ADE7E20004FA1F1 /* Debug */,
				324070992ADE7E20004FA1F1 /* Release */,
			);
			defaultConfigurationIsVisible = 0;
			defaultConfigurationName = Release;
		};
		3240709A2ADE7E20004FA1F1 /* Build configuration list for PBXNativeTarget "FoodkartUITests" */ = {
			isa = XCConfigurationList;
			buildConfigurations = (
				3240709B2ADE7E20004FA1F1 /* Debug */,
				3240709C2ADE7E20004FA1F1 /* Release */,
			);
			defaultConfigurationIsVisible = 0;
			defaultConfigurationName = Release;
		};
/* End XCConfigurationList section */
	};
	rootObject = 324070622ADE7E1E004FA1F1 /* Project object */;
}
